github.com/Azure/azure-sdk-for-go/sdk/azcore v1.9.2 h1:c4k2FIYIh4xtwqrQwV0Ct1v5+ehlNXj5NI/MWVsiTkQ=
github.com/Azure/azure-sdk-for-go/sdk/azcore v1.9.2/go.mod h1:5FDJtLEO/GxwNgUxbwrY3LP0pEoThTQJtk2oysdXHxM=
github.com/Azure/azure-sdk-for-go/sdk/internal v1.5.2 h1:LqbJ/WzJUwBf8UiaSzgX7aMclParm9/5Vgp+TY51uBQ=
github.com/Azure/azure-sdk-for-go/sdk/internal v1.5.2/go.mod h1:yInRyqWXAuaPrgI7p70+lDDgh3mlBohis29jGMISnmc=
github.com/Azure/azure-sdk-for-go/sdk/messaging/azservicebus v1.7.0 h1:QISzMrspEvZj4zrrN2wlNwfum5RmnKQhQNiSujwH7oU=
github.com/Azure/azure-sdk-for-go/sdk/messaging/azservicebus v1.7.0/go.mod h1:xNjFERdhyMqZncbNJSPBsTCddk5kwsUVUzELQPMj/LA=
github.com/Azure/go-amqp v1.0.5 h1:po5+ljlcNSU8xtapHTe8gIc8yHxCzC03E8afH2g1ftU=
github.com/Azure/go-amqp v1.0.5/go.mod h1:vZAogwdrkbyK3Mla8m/CxSc/aKdnTZ4IbPxl51Y5WZE=
github.com/go-ozzo/ozzo-validation v3.6.0+incompatible h1:msy24VGS42fKO9K1vLz82/GeYW1cILu7Nuuj1N3BBkE=
github.com/go-ozzo/ozzo-validation v3.6.0+incompatible/go.mod h1:gsEKFIVnabGBt6mXmxK0MoFy+cZoTJY6mu5Ll3LVLBU=
golang.org/x/net v0.21.0 h1:AQyQV4dYCvJ7vGmJyKki9+PBdyvhkSd8EIx/qb0AYv4=
golang.org/x/net v0.21.0/go.mod h1:bIjVDfnllIU7BJ2DNgfnXvpSvtn8VRwhlsaeUTyUS44=
golang.org/x/text v0.14.0 h1:ScX5w1eTa3QqT8oi6+ziP7dTV1S2+ALU0bI+0zXKWiQ=
golang.org/x/text v0.14.0/go.mod h1:18ZOQIKpY8NJVqYksKHtTdi31H5itFRjB5/qKTNYzSU=
